// !$*UTF8*$!
{
	archiveVersion = 1;
	classes = {
	};
	objectVersion = 46;
	objects = {

/* Begin PBXBuildFile section */
		40D8EE80952718CB1061C5BD /* libPods-YHappy.a in Frameworks */ = {isa = PBXBuildFile; fileRef = 5218DBF1583FA7421E35DCB5 /* libPods-YHappy.a */; };
		B821C6A01D1911390003C90B /* HEssenceVC.m in Sources */ = {isa = PBXBuildFile; fileRef = B821C69F1D1911390003C90B /* HEssenceVC.m */; };
		B821C6A31D1911530003C90B /* HEssenceVideoVC.m in Sources */ = {isa = PBXBuildFile; fileRef = B821C6A21D1911530003C90B /* HEssenceVideoVC.m */; };
		B821C6A61D1911690003C90B /* HEssenceVoiceVC.m in Sources */ = {isa = PBXBuildFile; fileRef = B821C6A51D1911690003C90B /* HEssenceVoiceVC.m */; };
		B821C6A91D1911810003C90B /* HEssencePicVC.m in Sources */ = {isa = PBXBuildFile; fileRef = B821C6A81D1911810003C90B /* HEssencePicVC.m */; };
		B821C6AC1D1911930003C90B /* HEssenceWordVC.m in Sources */ = {isa = PBXBuildFile; fileRef = B821C6AB1D1911930003C90B /* HEssenceWordVC.m */; };
		B84462FB1D5976F40059C496 /* HSeeBigImageVC.m in Sources */ = {isa = PBXBuildFile; fileRef = B84462F91D5976F40059C496 /* HSeeBigImageVC.m */; };
		B84462FC1D5976F40059C496 /* HSeeBigImageVC.xib in Resources */ = {isa = PBXBuildFile; fileRef = B84462FA1D5976F40059C496 /* HSeeBigImageVC.xib */; };
		B863F2381D10273D00A5CD6E /* main.m in Sources */ = {isa = PBXBuildFile; fileRef = B863F2371D10273D00A5CD6E /* main.m */; };
		B863F2431D10273E00A5CD6E /* Assets.xcassets in Resources */ = {isa = PBXBuildFile; fileRef = B863F2421D10273E00A5CD6E /* Assets.xcassets */; };
		B863F2461D10273E00A5CD6E /* LaunchScreen.storyboard in Resources */ = {isa = PBXBuildFile; fileRef = B863F2441D10273E00A5CD6E /* LaunchScreen.storyboard */; };
		B863F2D01D10318800A5CD6E /* AppDelegate.m in Sources */ = {isa = PBXBuildFile; fileRef = B863F2A51D10318800A5CD6E /* AppDelegate.m */; };
		B863F2D51D10318800A5CD6E /* HNavigationController.m in Sources */ = {isa = PBXBuildFile; fileRef = B863F2C91D10318800A5CD6E /* HNavigationController.m */; };
		B863F2D61D10318800A5CD6E /* HTabBarController.m in Sources */ = {isa = PBXBuildFile; fileRef = B863F2CB1D10318800A5CD6E /* HTabBarController.m */; };
		B877456C1D168152002EBF1F /* HBaseNetManager.m in Sources */ = {isa = PBXBuildFile; fileRef = B877456B1D168152002EBF1F /* HBaseNetManager.m */; };
		B87745721D1688AE002EBF1F /* HBaseModel.m in Sources */ = {isa = PBXBuildFile; fileRef = B87745711D1688AE002EBF1F /* HBaseModel.m */; };
		B87D99181D58165200EB0CE8 /* HEssencePictureView.m in Sources */ = {isa = PBXBuildFile; fileRef = B87D99101D58165200EB0CE8 /* HEssencePictureView.m */; };
		B87D99191D58165200EB0CE8 /* HEssencePictureView.xib in Resources */ = {isa = PBXBuildFile; fileRef = B87D99111D58165200EB0CE8 /* HEssencePictureView.xib */; };
		B87D991A1D58165200EB0CE8 /* HEssenceVideoView.m in Sources */ = {isa = PBXBuildFile; fileRef = B87D99131D58165200EB0CE8 /* HEssenceVideoView.m */; };
		B87D991B1D58165200EB0CE8 /* HEssenceVideoView.xib in Resources */ = {isa = PBXBuildFile; fileRef = B87D99141D58165200EB0CE8 /* HEssenceVideoView.xib */; };
		B87D991C1D58165200EB0CE8 /* HEssenceVoiceView.m in Sources */ = {isa = PBXBuildFile; fileRef = B87D99161D58165200EB0CE8 /* HEssenceVoiceView.m */; };
		B87D991D1D58165200EB0CE8 /* HEssenceVoiceView.xib in Resources */ = {isa = PBXBuildFile; fileRef = B87D99171D58165200EB0CE8 /* HEssenceVoiceView.xib */; };
		B88E125A1D62B60600156651 /* HCommentVM.m in Sources */ = {isa = PBXBuildFile; fileRef = B88E12591D62B60600156651 /* HCommentVM.m */; };
		B88E125D1D62BC7000156651 /* HRequestCommentModel.m in Sources */ = {isa = PBXBuildFile; fileRef = B88E125C1D62BC7000156651 /* HRequestCommentModel.m */; };
		B8BF83F21D5704590053E9A5 /* HEssenceUserModel.m in Sources */ = {isa = PBXBuildFile; fileRef = B8BF83F11D5704590053E9A5 /* HEssenceUserModel.m */; };
		B8BF83F51D57063C0053E9A5 /* HCommentModel.m in Sources */ = {isa = PBXBuildFile; fileRef = B8BF83F41D57063C0053E9A5 /* HCommentModel.m */; };
		B8CB67771D1B953C00C20F04 /* HEssenseViewModel.m in Sources */ = {isa = PBXBuildFile; fileRef = B8CB67761D1B953C00C20F04 /* HEssenseViewModel.m */; };
		B8CB677A1D1C1B5A00C20F04 /* HEssenceModel.m in Sources */ = {isa = PBXBuildFile; fileRef = B8CB67791D1C1B5A00C20F04 /* HEssenceModel.m */; };
		B8CB677D1D1C1F9A00C20F04 /* HBaseViewModel.m in Sources */ = {isa = PBXBuildFile; fileRef = B8CB677C1D1C1F9A00C20F04 /* HBaseViewModel.m */; };
		B8CB678D1D1C303000C20F04 /* HEssenceCell.m in Sources */ = {isa = PBXBuildFile; fileRef = B8CB678B1D1C303000C20F04 /* HEssenceCell.m */; };
		B8CB678E1D1C303000C20F04 /* HEssenceCell.xib in Resources */ = {isa = PBXBuildFile; fileRef = B8CB678C1D1C303000C20F04 /* HEssenceCell.xib */; };
		B8DB95741D609B2B001DACF7 /* UIImageView+userIcon.m in Sources */ = {isa = PBXBuildFile; fileRef = B8DB95731D609B2B001DACF7 /* UIImageView+userIcon.m */; };
		B8DB957D1D609FC8001DACF7 /* HCommentVC.m in Sources */ = {isa = PBXBuildFile; fileRef = B8DB957B1D609FC8001DACF7 /* HCommentVC.m */; };
		B8DB957E1D609FC8001DACF7 /* HCommentVC.xib in Resources */ = {isa = PBXBuildFile; fileRef = B8DB957C1D609FC8001DACF7 /* HCommentVC.xib */; };
		B8EFF0B31D62E92900B0730D /* HTableHeaderView.m in Sources */ = {isa = PBXBuildFile; fileRef = B8EFF0B21D62E92900B0730D /* HTableHeaderView.m */; };
		B8EFF0BF1D62EEDD00B0730D /* HCommentCell.m in Sources */ = {isa = PBXBuildFile; fileRef = B8EFF0BD1D62EEDD00B0730D /* HCommentCell.m */; };
/* End PBXBuildFile section */

/* Begin PBXFileReference section */
		5218DBF1583FA7421E35DCB5 /* libPods-YHappy.a */ = {isa = PBXFileReference; explicitFileType = archive.ar; includeInIndex = 0; path = "libPods-YHappy.a"; sourceTree = BUILT_PRODUCTS_DIR; };
		B821C69E1D1911390003C90B /* HEssenceVC.h */ = {isa = PBXFileReference; fileEncoding = 4; lastKnownFileType = sourcecode.c.h; name = HEssenceVC.h; path = ../../Essence/Controller/HEssenceVC.h; sourceTree = "<group>"; };
		B821C69F1D1911390003C90B /* HEssenceVC.m */ = {isa = PBXFileReference; fileEncoding = 4; lastKnownFileType = sourcecode.c.objc; name = HEssenceVC.m; path = ../../Essence/Controller/HEssenceVC.m; sourceTree = "<group>"; };
		B821C6A11D1911530003C90B /* HEssenceVideoVC.h */ = {isa = PBXFileReference; fileEncoding = 4; lastKnownFileType = sourcecode.c.h; name = HEssenceVideoVC.h; path = ../Essence/Controller/HEssenceVideoVC.h; sourceTree = "<group>"; };
		B821C6A21D1911530003C90B /* HEssenceVideoVC.m */ = {isa = PBXFileReference; fileEncoding = 4; lastKnownFileType = sourcecode.c.objc; name = HEssenceVideoVC.m; path = ../Essence/Controller/HEssenceVideoVC.m; sourceTree = "<group>"; };
		B821C6A41D1911690003C90B /* HEssenceVoiceVC.h */ = {isa = PBXFileReference; fileEncoding = 4; lastKnownFileType = sourcecode.c.h; name = HEssenceVoiceVC.h; path = ../Essence/Controller/HEssenceVoiceVC.h; sourceTree = "<group>"; };
		B821C6A51D1911690003C90B /* HEssenceVoiceVC.m */ = {isa = PBXFileReference; fileEncoding = 4; lastKnownFileType = sourcecode.c.objc; name = HEssenceVoiceVC.m; path = ../Essence/Controller/HEssenceVoiceVC.m; sourceTree = "<group>"; };
		B821C6A71D1911810003C90B /* HEssencePicVC.h */ = {isa = PBXFileReference; fileEncoding = 4; lastKnownFileType = sourcecode.c.h; name = HEssencePicVC.h; path = ../Essence/Controller/HEssencePicVC.h; sourceTree = "<group>"; };
		B821C6A81D1911810003C90B /* HEssencePicVC.m */ = {isa = PBXFileReference; fileEncoding = 4; lastKnownFileType = sourcecode.c.objc; name = HEssencePicVC.m; path = ../Essence/Controller/HEssencePicVC.m; sourceTree = "<group>"; };
		B821C6AA1D1911930003C90B /* HEssenceWordVC.h */ = {isa = PBXFileReference; fileEncoding = 4; lastKnownFileType = sourcecode.c.h; name = HEssenceWordVC.h; path = ../Essence/Controller/HEssenceWordVC.h; sourceTree = "<group>"; };
		B821C6AB1D1911930003C90B /* HEssenceWordVC.m */ = {isa = PBXFileReference; fileEncoding = 4; lastKnownFileType = sourcecode.c.objc; name = HEssenceWordVC.m; path = ../Essence/Controller/HEssenceWordVC.m; sourceTree = "<group>"; };
		B84462F81D5976F40059C496 /* HSeeBigImageVC.h */ = {isa = PBXFileReference; fileEncoding = 4; lastKnownFileType = sourcecode.c.h; name = HSeeBigImageVC.h; path = ../Essence/Controller/HSeeBigImageVC.h; sourceTree = "<group>"; };
		B84462F91D5976F40059C496 /* HSeeBigImageVC.m */ = {isa = PBXFileReference; fileEncoding = 4; lastKnownFileType = sourcecode.c.objc; name = HSeeBigImageVC.m; path = ../Essence/Controller/HSeeBigImageVC.m; sourceTree = "<group>"; };
		B84462FA1D5976F40059C496 /* HSeeBigImageVC.xib */ = {isa = PBXFileReference; fileEncoding = 4; lastKnownFileType = file.xib; name = HSeeBigImageVC.xib; path = ../Essence/Controller/HSeeBigImageVC.xib; sourceTree = "<group>"; };
		B863F2331D10273D00A5CD6E /* YHappy.app */ = {isa = PBXFileReference; explicitFileType = wrapper.application; includeInIndex = 0; path = YHappy.app; sourceTree = BUILT_PRODUCTS_DIR; };
		B863F2371D10273D00A5CD6E /* main.m */ = {isa = PBXFileReference; lastKnownFileType = sourcecode.c.objc; path = main.m; sourceTree = "<group>"; };
		B863F2421D10273E00A5CD6E /* Assets.xcassets */ = {isa = PBXFileReference; lastKnownFileType = folder.assetcatalog; path = Assets.xcassets; sourceTree = "<group>"; };
		B863F2451D10273E00A5CD6E /* Base */ = {isa = PBXFileReference; lastKnownFileType = file.storyboard; name = Base; path = Base.lproj/LaunchScreen.storyboard; sourceTree = "<group>"; };
		B863F2471D10273E00A5CD6E /* Info.plist */ = {isa = PBXFileReference; lastKnownFileType = text.plist.xml; path = Info.plist; sourceTree = "<group>"; };
		B863F2A41D10318800A5CD6E /* AppDelegate.h */ = {isa = PBXFileReference; fileEncoding = 4; lastKnownFileType = sourcecode.c.h; path = AppDelegate.h; sourceTree = "<group>"; };
		B863F2A51D10318800A5CD6E /* AppDelegate.m */ = {isa = PBXFileReference; fileEncoding = 4; lastKnownFileType = sourcecode.c.objc; path = AppDelegate.m; sourceTree = "<group>"; };
		B863F2C81D10318800A5CD6E /* HNavigationController.h */ = {isa = PBXFileReference; fileEncoding = 4; lastKnownFileType = sourcecode.c.h; path = HNavigationController.h; sourceTree = "<group>"; };
		B863F2C91D10318800A5CD6E /* HNavigationController.m */ = {isa = PBXFileReference; fileEncoding = 4; lastKnownFileType = sourcecode.c.objc; path = HNavigationController.m; sourceTree = "<group>"; };
		B863F2CA1D10318800A5CD6E /* HTabBarController.h */ = {isa = PBXFileReference; fileEncoding = 4; lastKnownFileType = sourcecode.c.h; path = HTabBarController.h; sourceTree = "<group>"; };
		B863F2CB1D10318800A5CD6E /* HTabBarController.m */ = {isa = PBXFileReference; fileEncoding = 4; lastKnownFileType = sourcecode.c.objc; path = HTabBarController.m; sourceTree = "<group>"; };
		B863F2DF1D1046B700A5CD6E /* PrefixHeader.pch */ = {isa = PBXFileReference; lastKnownFileType = sourcecode.c.h; path = PrefixHeader.pch; sourceTree = "<group>"; };
		B877456A1D168152002EBF1F /* HBaseNetManager.h */ = {isa = PBXFileReference; fileEncoding = 4; lastKnownFileType = sourcecode.c.h; path = HBaseNetManager.h; sourceTree = "<group>"; };
		B877456B1D168152002EBF1F /* HBaseNetManager.m */ = {isa = PBXFileReference; fileEncoding = 4; lastKnownFileType = sourcecode.c.objc; path = HBaseNetManager.m; sourceTree = "<group>"; };
		B87745701D1688AE002EBF1F /* HBaseModel.h */ = {isa = PBXFileReference; fileEncoding = 4; lastKnownFileType = sourcecode.c.h; path = HBaseModel.h; sourceTree = "<group>"; };
		B87745711D1688AE002EBF1F /* HBaseModel.m */ = {isa = PBXFileReference; fileEncoding = 4; lastKnownFileType = sourcecode.c.objc; path = HBaseModel.m; sourceTree = "<group>"; };
		B87D990F1D58165200EB0CE8 /* HEssencePictureView.h */ = {isa = PBXFileReference; fileEncoding = 4; lastKnownFileType = sourcecode.c.h; name = HEssencePictureView.h; path = ../Essence/View/HEssencePictureView.h; sourceTree = "<group>"; };
		B87D99101D58165200EB0CE8 /* HEssencePictureView.m */ = {isa = PBXFileReference; fileEncoding = 4; lastKnownFileType = sourcecode.c.objc; name = HEssencePictureView.m; path = ../Essence/View/HEssencePictureView.m; sourceTree = "<group>"; };
		B87D99111D58165200EB0CE8 /* HEssencePictureView.xib */ = {isa = PBXFileReference; fileEncoding = 4; lastKnownFileType = file.xib; name = HEssencePictureView.xib; path = ../Essence/View/HEssencePictureView.xib; sourceTree = "<group>"; };
		B87D99121D58165200EB0CE8 /* HEssenceVideoView.h */ = {isa = PBXFileReference; fileEncoding = 4; lastKnownFileType = sourcecode.c.h; name = HEssenceVideoView.h; path = ../Essence/View/HEssenceVideoView.h; sourceTree = "<group>"; };
		B87D99131D58165200EB0CE8 /* HEssenceVideoView.m */ = {isa = PBXFileReference; fileEncoding = 4; lastKnownFileType = sourcecode.c.objc; name = HEssenceVideoView.m; path = ../Essence/View/HEssenceVideoView.m; sourceTree = "<group>"; };
		B87D99141D58165200EB0CE8 /* HEssenceVideoView.xib */ = {isa = PBXFileReference; fileEncoding = 4; lastKnownFileType = file.xib; name = HEssenceVideoView.xib; path = ../Essence/View/HEssenceVideoView.xib; sourceTree = "<group>"; };
		B87D99151D58165200EB0CE8 /* HEssenceVoiceView.h */ = {isa = PBXFileReference; fileEncoding = 4; lastKnownFileType = sourcecode.c.h; name = HEssenceVoiceView.h; path = ../Essence/View/HEssenceVoiceView.h; sourceTree = "<group>"; };
		B87D99161D58165200EB0CE8 /* HEssenceVoiceView.m */ = {isa = PBXFileReference; fileEncoding = 4; lastKnownFileType = sourcecode.c.objc; name = HEssenceVoiceView.m; path = ../Essence/View/HEssenceVoiceView.m; sourceTree = "<group>"; };
		B87D99171D58165200EB0CE8 /* HEssenceVoiceView.xib */ = {isa = PBXFileReference; fileEncoding = 4; lastKnownFileType = file.xib; name = HEssenceVoiceView.xib; path = ../Essence/View/HEssenceVoiceView.xib; sourceTree = "<group>"; };
		B88E12581D62B60600156651 /* HCommentVM.h */ = {isa = PBXFileReference; fileEncoding = 4; lastKnownFileType = sourcecode.c.h; path = HCommentVM.h; sourceTree = "<group>"; };
		B88E12591D62B60600156651 /* HCommentVM.m */ = {isa = PBXFileReference; fileEncoding = 4; lastKnownFileType = sourcecode.c.objc; path = HCommentVM.m; sourceTree = "<group>"; };
		B88E125B1D62BC7000156651 /* HRequestCommentModel.h */ = {isa = PBXFileReference; fileEncoding = 4; lastKnownFileType = sourcecode.c.h; path = HRequestCommentModel.h; sourceTree = "<group>"; };
		B88E125C1D62BC7000156651 /* HRequestCommentModel.m */ = {isa = PBXFileReference; fileEncoding = 4; lastKnownFileType = sourcecode.c.objc; path = HRequestCommentModel.m; sourceTree = "<group>"; };
		B8BF83F01D5704590053E9A5 /* HEssenceUserModel.h */ = {isa = PBXFileReference; fileEncoding = 4; lastKnownFileType = sourcecode.c.h; name = HEssenceUserModel.h; path = ../Essence/Model/HEssenceUserModel.h; sourceTree = "<group>"; };
		B8BF83F11D5704590053E9A5 /* HEssenceUserModel.m */ = {isa = PBXFileReference; fileEncoding = 4; lastKnownFileType = sourcecode.c.objc; name = HEssenceUserModel.m; path = ../Essence/Model/HEssenceUserModel.m; sourceTree = "<group>"; };
		B8BF83F31D57063C0053E9A5 /* HCommentModel.h */ = {isa = PBXFileReference; fileEncoding = 4; lastKnownFileType = sourcecode.c.h; name = HCommentModel.h; path = ../../Essence/Model/HCommentModel.h; sourceTree = "<group>"; };
		B8BF83F41D57063C0053E9A5 /* HCommentModel.m */ = {isa = PBXFileReference; fileEncoding = 4; lastKnownFileType = sourcecode.c.objc; name = HCommentModel.m; path = ../../Essence/Model/HCommentModel.m; sourceTree = "<group>"; };
		B8CB67751D1B953C00C20F04 /* HEssenseViewModel.h */ = {isa = PBXFileReference; fileEncoding = 4; lastKnownFileType = sourcecode.c.h; path = HEssenseViewModel.h; sourceTree = "<group>"; };
		B8CB67761D1B953C00C20F04 /* HEssenseViewModel.m */ = {isa = PBXFileReference; fileEncoding = 4; lastKnownFileType = sourcecode.c.objc; path = HEssenseViewModel.m; sourceTree = "<group>"; };
		B8CB67781D1C1B5A00C20F04 /* HEssenceModel.h */ = {isa = PBXFileReference; fileEncoding = 4; lastKnownFileType = sourcecode.c.h; path = HEssenceModel.h; sourceTree = "<group>"; };
		B8CB67791D1C1B5A00C20F04 /* HEssenceModel.m */ = {isa = PBXFileReference; fileEncoding = 4; lastKnownFileType = sourcecode.c.objc; path = HEssenceModel.m; sourceTree = "<group>"; };
		B8CB677B1D1C1F9A00C20F04 /* HBaseViewModel.h */ = {isa = PBXFileReference; fileEncoding = 4; lastKnownFileType = sourcecode.c.h; path = HBaseViewModel.h; sourceTree = "<group>"; };
		B8CB677C1D1C1F9A00C20F04 /* HBaseViewModel.m */ = {isa = PBXFileReference; fileEncoding = 4; lastKnownFileType = sourcecode.c.objc; path = HBaseViewModel.m; sourceTree = "<group>"; };
		B8CB678A1D1C303000C20F04 /* HEssenceCell.h */ = {isa = PBXFileReference; fileEncoding = 4; lastKnownFileType = sourcecode.c.h; name = HEssenceCell.h; path = ../../Essence/View/HEssenceCell.h; sourceTree = "<group>"; };
		B8CB678B1D1C303000C20F04 /* HEssenceCell.m */ = {isa = PBXFileReference; fileEncoding = 4; lastKnownFileType = sourcecode.c.objc; name = HEssenceCell.m; path = ../../Essence/View/HEssenceCell.m; sourceTree = "<group>"; };
		B8CB678C1D1C303000C20F04 /* HEssenceCell.xib */ = {isa = PBXFileReference; fileEncoding = 4; lastKnownFileType = file.xib; name = HEssenceCell.xib; path = ../../Essence/View/HEssenceCell.xib; sourceTree = "<group>"; };
		B8DB95721D609B2B001DACF7 /* UIImageView+userIcon.h */ = {isa = PBXFileReference; fileEncoding = 4; lastKnownFileType = sourcecode.c.h; path = "UIImageView+userIcon.h"; sourceTree = "<group>"; };
		B8DB95731D609B2B001DACF7 /* UIImageView+userIcon.m */ = {isa = PBXFileReference; fileEncoding = 4; lastKnownFileType = sourcecode.c.objc; path = "UIImageView+userIcon.m"; sourceTree = "<group>"; };
		B8DB957A1D609FC8001DACF7 /* HCommentVC.h */ = {isa = PBXFileReference; fileEncoding = 4; lastKnownFileType = sourcecode.c.h; path = HCommentVC.h; sourceTree = "<group>"; };
		B8DB957B1D609FC8001DACF7 /* HCommentVC.m */ = {isa = PBXFileReference; fileEncoding = 4; lastKnownFileType = sourcecode.c.objc; path = HCommentVC.m; sourceTree = "<group>"; };
		B8DB957C1D609FC8001DACF7 /* HCommentVC.xib */ = {isa = PBXFileReference; fileEncoding = 4; lastKnownFileType = file.xib; path = HCommentVC.xib; sourceTree = "<group>"; };
		B8EFF0B11D62E92900B0730D /* HTableHeaderView.h */ = {isa = PBXFileReference; fileEncoding = 4; lastKnownFileType = sourcecode.c.h; path = HTableHeaderView.h; sourceTree = "<group>"; };
		B8EFF0B21D62E92900B0730D /* HTableHeaderView.m */ = {isa = PBXFileReference; fileEncoding = 4; lastKnownFileType = sourcecode.c.objc; path = HTableHeaderView.m; sourceTree = "<group>"; };
		B8EFF0BC1D62EEDD00B0730D /* HCommentCell.h */ = {isa = PBXFileReference; fileEncoding = 4; lastKnownFileType = sourcecode.c.h; path = HCommentCell.h; sourceTree = "<group>"; };
		B8EFF0BD1D62EEDD00B0730D /* HCommentCell.m */ = {isa = PBXFileReference; fileEncoding = 4; lastKnownFileType = sourcecode.c.objc; path = HCommentCell.m; sourceTree = "<group>"; };
		BE5C19EA9399AF979735A4D0 /* Pods-YHappy.debug.xcconfig */ = {isa = PBXFileReference; includeInIndex = 1; lastKnownFileType = text.xcconfig; name = "Pods-YHappy.debug.xcconfig"; path = "Pods/Target Support Files/Pods-YHappy/Pods-YHappy.debug.xcconfig"; sourceTree = "<group>"; };
		DC28A1870B04B9DC407A3031 /* Pods-YHappy.release.xcconfig */ = {isa = PBXFileReference; includeInIndex = 1; lastKnownFileType = text.xcconfig; name = "Pods-YHappy.release.xcconfig"; path = "Pods/Target Support Files/Pods-YHappy/Pods-YHappy.release.xcconfig"; sourceTree = "<group>"; };
/* End PBXFileReference section */

/* Begin PBXFrameworksBuildPhase section */
		B863F2301D10273D00A5CD6E /* Frameworks */ = {
			isa = PBXFrameworksBuildPhase;
			buildActionMask = 2147483647;
			files = (
				40D8EE80952718CB1061C5BD /* libPods-YHappy.a in Frameworks */,
			);
			runOnlyForDeploymentPostprocessing = 0;
		};
/* End PBXFrameworksBuildPhase section */

/* Begin PBXGroup section */
		5B8F8115A11CED2DDA8D072C /* Pods */ = {
			isa = PBXGroup;
			children = (
				BE5C19EA9399AF979735A4D0 /* Pods-YHappy.debug.xcconfig */,
				DC28A1870B04B9DC407A3031 /* Pods-YHappy.release.xcconfig */,
			);
			name = Pods;
			sourceTree = "<group>";
		};
		B863F22A1D10273D00A5CD6E = {
			isa = PBXGroup;
			children = (
				B863F2351D10273D00A5CD6E /* YHappy */,
				B863F2341D10273D00A5CD6E /* Products */,
				5B8F8115A11CED2DDA8D072C /* Pods */,
				ECCD8FE4F91C4EE97C856DFC /* Frameworks */,
			);
			sourceTree = "<group>";
		};
		B863F2341D10273D00A5CD6E /* Products */ = {
			isa = PBXGroup;
			children = (
				B863F2331D10273D00A5CD6E /* YHappy.app */,
			);
			name = Products;
			sourceTree = "<group>";
		};
		B863F2351D10273D00A5CD6E /* YHappy */ = {
			isa = PBXGroup;
			children = (
				B863F2A31D10318800A5CD6E /* Classes */,
				B863F2421D10273E00A5CD6E /* Assets.xcassets */,
				B863F2441D10273E00A5CD6E /* LaunchScreen.storyboard */,
				B863F2471D10273E00A5CD6E /* Info.plist */,
				B863F2361D10273D00A5CD6E /* Supporting Files */,
			);
			path = YHappy;
			sourceTree = "<group>";
		};
		B863F2361D10273D00A5CD6E /* Supporting Files */ = {
			isa = PBXGroup;
			children = (
				B863F2371D10273D00A5CD6E /* main.m */,
			);
			name = "Supporting Files";
			sourceTree = "<group>";
		};
		B863F2A31D10318800A5CD6E /* Classes */ = {
			isa = PBXGroup;
			children = (
				B863F2A41D10318800A5CD6E /* AppDelegate.h */,
				B863F2A51D10318800A5CD6E /* AppDelegate.m */,
				B87FF0861D6AD0F400108A45 /* UserInfo */,
				B87FF0831D6AD01A00108A45 /* Text-段子 */,
				B87FF0821D6AD01A00108A45 /* Picture-图片 */,
				B87FF0841D6AD01A00108A45 /* Video-视频 */,
				B87FF0851D6AD01A00108A45 /* Voice-声音 */,
				B8DB95751D609F1D001DACF7 /* Comment-评论 */,
				B863F2C21D10318800A5CD6E /* Public */,
			);
			path = Classes;
			sourceTree = "<group>";
		};
		B863F2AA1D10318800A5CD6E /* Model */ = {
			isa = PBXGroup;
			children = (
				B8CB67781D1C1B5A00C20F04 /* HEssenceModel.h */,
				B8CB67791D1C1B5A00C20F04 /* HEssenceModel.m */,
			);
			name = Model;
			path = ../Essence/Model;
			sourceTree = "<group>";
		};
		B863F2AC1D10318800A5CD6E /* ViewModel */ = {
			isa = PBXGroup;
			children = (
				B8CB67751D1B953C00C20F04 /* HEssenseViewModel.h */,
				B8CB67761D1B953C00C20F04 /* HEssenseViewModel.m */,
			);
			name = ViewModel;
			path = ../Essence/ViewModel;
			sourceTree = "<group>";
		};
		B863F2C21D10318800A5CD6E /* Public */ = {
			isa = PBXGroup;
			children = (
				B863F2AC1D10318800A5CD6E /* ViewModel */,
				B863F2AA1D10318800A5CD6E /* Model */,
				B863F2C31D10318800A5CD6E /* Basic */,
				B863F2C61D10318800A5CD6E /* Category */,
				B863F2C71D10318800A5CD6E /* Controller */,
				B863F2CC1D10318800A5CD6E /* Other */,
				B863F2CE1D10318800A5CD6E /* View */,
			);
			path = Public;
			sourceTree = "<group>";
		};
		B863F2C31D10318800A5CD6E /* Basic */ = {
			isa = PBXGroup;
			children = (
				B877456A1D168152002EBF1F /* HBaseNetManager.h */,
				B877456B1D168152002EBF1F /* HBaseNetManager.m */,
				B87745701D1688AE002EBF1F /* HBaseModel.h */,
				B87745711D1688AE002EBF1F /* HBaseModel.m */,
				B8CB677B1D1C1F9A00C20F04 /* HBaseViewModel.h */,
				B8CB677C1D1C1F9A00C20F04 /* HBaseViewModel.m */,
			);
			path = Basic;
			sourceTree = "<group>";
		};
		B863F2C61D10318800A5CD6E /* Category */ = {
			isa = PBXGroup;
			children = (
				B8DB95721D609B2B001DACF7 /* UIImageView+userIcon.h */,
				B8DB95731D609B2B001DACF7 /* UIImageView+userIcon.m */,
			);
			path = Category;
			sourceTree = "<group>";
		};
		B863F2C71D10318800A5CD6E /* Controller */ = {
			isa = PBXGroup;
			children = (
				B821C69E1D1911390003C90B /* HEssenceVC.h */,
				B821C69F1D1911390003C90B /* HEssenceVC.m */,
				B863F2C81D10318800A5CD6E /* HNavigationController.h */,
				B863F2C91D10318800A5CD6E /* HNavigationController.m */,
				B863F2CA1D10318800A5CD6E /* HTabBarController.h */,
				B863F2CB1D10318800A5CD6E /* HTabBarController.m */,
			);
			path = Controller;
			sourceTree = "<group>";
		};
		B863F2CC1D10318800A5CD6E /* Other */ = {
			isa = PBXGroup;
			children = (
				B863F2DF1D1046B700A5CD6E /* PrefixHeader.pch */,
			);
			path = Other;
			sourceTree = "<group>";
		};
		B863F2CE1D10318800A5CD6E /* View */ = {
			isa = PBXGroup;
			children = (
				B8CB678A1D1C303000C20F04 /* HEssenceCell.h */,
				B8CB678B1D1C303000C20F04 /* HEssenceCell.m */,
				B8CB678C1D1C303000C20F04 /* HEssenceCell.xib */,
			);
			path = View;
			sourceTree = "<group>";
		};
		B87FF0821D6AD01A00108A45 /* Picture-图片 */ = {
			isa = PBXGroup;
			children = (
				B821C6A71D1911810003C90B /* HEssencePicVC.h */,
				B821C6A81D1911810003C90B /* HEssencePicVC.m */,
				B84462F81D5976F40059C496 /* HSeeBigImageVC.h */,
				B84462F91D5976F40059C496 /* HSeeBigImageVC.m */,
				B84462FA1D5976F40059C496 /* HSeeBigImageVC.xib */,
				B87D990F1D58165200EB0CE8 /* HEssencePictureView.h */,
				B87D99101D58165200EB0CE8 /* HEssencePictureView.m */,
				B87D99111D58165200EB0CE8 /* HEssencePictureView.xib */,
			);
			name = "Picture-图片";
			path = Picture;
			sourceTree = "<group>";
		};
		B87FF0831D6AD01A00108A45 /* Text-段子 */ = {
			isa = PBXGroup;
			children = (
				B821C6AA1D1911930003C90B /* HEssenceWordVC.h */,
				B821C6AB1D1911930003C90B /* HEssenceWordVC.m */,
			);
			name = "Text-段子";
			path = Text;
			sourceTree = "<group>";
		};
		B87FF0841D6AD01A00108A45 /* Video-视频 */ = {
			isa = PBXGroup;
			children = (
				B821C6A11D1911530003C90B /* HEssenceVideoVC.h */,
				B821C6A21D1911530003C90B /* HEssenceVideoVC.m */,
				B87D99121D58165200EB0CE8 /* HEssenceVideoView.h */,
				B87D99131D58165200EB0CE8 /* HEssenceVideoView.m */,
				B87D99141D58165200EB0CE8 /* HEssenceVideoView.xib */,
			);
			name = "Video-视频";
			path = Video;
			sourceTree = "<group>";
		};
		B87FF0851D6AD01A00108A45 /* Voice-声音 */ = {
			isa = PBXGroup;
			children = (
				B821C6A41D1911690003C90B /* HEssenceVoiceVC.h */,
				B821C6A51D1911690003C90B /* HEssenceVoiceVC.m */,
				B87D99151D58165200EB0CE8 /* HEssenceVoiceView.h */,
				B87D99161D58165200EB0CE8 /* HEssenceVoiceView.m */,
				B87D99171D58165200EB0CE8 /* HEssenceVoiceView.xib */,
			);
			name = "Voice-声音";
			path = Voice;
			sourceTree = "<group>";
		};
		B87FF0861D6AD0F400108A45 /* UserInfo */ = {
			isa = PBXGroup;
			children = (
				B8BF83F01D5704590053E9A5 /* HEssenceUserModel.h */,
				B8BF83F11D5704590053E9A5 /* HEssenceUserModel.m */,
			);
			path = UserInfo;
			sourceTree = "<group>";
		};
		B8DB95751D609F1D001DACF7 /* Comment-评论 */ = {
			isa = PBXGroup;
			children = (
				B8DB95761D609F90001DACF7 /* Controller */,
				B8DB95771D609F90001DACF7 /* Model */,
				B8DB95781D609F90001DACF7 /* View */,
				B8DB95791D609F90001DACF7 /* ViewModel */,
			);
			name = "Comment-评论";
			path = Comment;
			sourceTree = "<group>";
		};
		B8DB95761D609F90001DACF7 /* Controller */ = {
			isa = PBXGroup;
			children = (
				B8DB957A1D609FC8001DACF7 /* HCommentVC.h */,
				B8DB957B1D609FC8001DACF7 /* HCommentVC.m */,
				B8DB957C1D609FC8001DACF7 /* HCommentVC.xib */,
			);
			path = Controller;
			sourceTree = "<group>";
		};
		B8DB95771D609F90001DACF7 /* Model */ = {
			isa = PBXGroup;
			children = (
				B8BF83F31D57063C0053E9A5 /* HCommentModel.h */,
				B8BF83F41D57063C0053E9A5 /* HCommentModel.m */,
				B88E125B1D62BC7000156651 /* HRequestCommentModel.h */,
				B88E125C1D62BC7000156651 /* HRequestCommentModel.m */,
			);
			path = Model;
			sourceTree = "<group>";
		};
		B8DB95781D609F90001DACF7 /* View */ = {
			isa = PBXGroup;
			children = (
				B8EFF0B11D62E92900B0730D /* HTableHeaderView.h */,
				B8EFF0B21D62E92900B0730D /* HTableHeaderView.m */,
				B8EFF0BC1D62EEDD00B0730D /* HCommentCell.h */,
				B8EFF0BD1D62EEDD00B0730D /* HCommentCell.m */,
			);
			path = View;
			sourceTree = "<group>";
		};
		B8DB95791D609F90001DACF7 /* ViewModel */ = {
			isa = PBXGroup;
			children = (
				B88E12581D62B60600156651 /* HCommentVM.h */,
				B88E12591D62B60600156651 /* HCommentVM.m */,
			);
			path = ViewModel;
			sourceTree = "<group>";
		};
		ECCD8FE4F91C4EE97C856DFC /* Frameworks */ = {
			isa = PBXGroup;
			children = (
				5218DBF1583FA7421E35DCB5 /* libPods-YHappy.a */,
			);
			name = Frameworks;
			sourceTree = "<group>";
		};
/* End PBXGroup section */

/* Begin PBXNativeTarget section */
		B863F2321D10273D00A5CD6E /* YHappy */ = {
			isa = PBXNativeTarget;
			buildConfigurationList = B863F24A1D10273E00A5CD6E /* Build configuration list for PBXNativeTarget "YHappy" */;
			buildPhases = (
				AC922DCB2BD16576BB59F955 /* 📦 Check Pods Manifest.lock */,
				B863F22F1D10273D00A5CD6E /* Sources */,
				B863F2301D10273D00A5CD6E /* Frameworks */,
				B863F2311D10273D00A5CD6E /* Resources */,
				F9E869A5229F522EA9235298 /* 📦 Embed Pods Frameworks */,
				F5C8DC456D2792F823E9AEE2 /* 📦 Copy Pods Resources */,
			);
			buildRules = (
			);
			dependencies = (
			);
			name = YHappy;
			productName = YHappy;
			productReference = B863F2331D10273D00A5CD6E /* YHappy.app */;
			productType = "com.apple.product-type.application";
		};
/* End PBXNativeTarget section */

/* Begin PBXProject section */
		B863F22B1D10273D00A5CD6E /* Project object */ = {
			isa = PBXProject;
			attributes = {
				LastUpgradeCheck = 0730;
				ORGANIZATIONNAME = hare27;
				TargetAttributes = {
					B863F2321D10273D00A5CD6E = {
						CreatedOnToolsVersion = 7.3.1;
						DevelopmentTeam = PBCZXCK2TK;
					};
				};
			};
			buildConfigurationList = B863F22E1D10273D00A5CD6E /* Build configuration list for PBXProject "YHappy" */;
			compatibilityVersion = "Xcode 3.2";
			developmentRegion = English;
			hasScannedForEncodings = 0;
			knownRegions = (
				en,
				Base,
			);
			mainGroup = B863F22A1D10273D00A5CD6E;
			productRefGroup = B863F2341D10273D00A5CD6E /* Products */;
			projectDirPath = "";
			projectRoot = "";
			targets = (
				B863F2321D10273D00A5CD6E /* YHappy */,
			);
		};
/* End PBXProject section */

/* Begin PBXResourcesBuildPhase section */
		B863F2311D10273D00A5CD6E /* Resources */ = {
			isa = PBXResourcesBuildPhase;
			buildActionMask = 2147483647;
			files = (
				B87D99191D58165200EB0CE8 /* HEssencePictureView.xib in Resources */,
				B8DB957E1D609FC8001DACF7 /* HCommentVC.xib in Resources */,
				B863F2461D10273E00A5CD6E /* LaunchScreen.storyboard in Resources */,
				B87D991D1D58165200EB0CE8 /* HEssenceVoiceView.xib in Resources */,
				B8CB678E1D1C303000C20F04 /* HEssenceCell.xib in Resources */,
				B87D991B1D58165200EB0CE8 /* HEssenceVideoView.xib in Resources */,
				B84462FC1D5976F40059C496 /* HSeeBigImageVC.xib in Resources */,
				B863F2431D10273E00A5CD6E /* Assets.xcassets in Resources */,
			);
			runOnlyForDeploymentPostprocessing = 0;
		};
/* End PBXResourcesBuildPhase section */

/* Begin PBXShellScriptBuildPhase section */
		AC922DCB2BD16576BB59F955 /* 📦 Check Pods Manifest.lock */ = {
			isa = PBXShellScriptBuildPhase;
			buildActionMask = 2147483647;
			files = (
			);
			inputPaths = (
			);
			name = "📦 Check Pods Manifest.lock";
			outputPaths = (
			);
			runOnlyForDeploymentPostprocessing = 0;
			shellPath = /bin/sh;
			shellScript = "diff \"${PODS_ROOT}/../Podfile.lock\" \"${PODS_ROOT}/Manifest.lock\" > /dev/null\nif [[ $? != 0 ]] ; then\n    cat << EOM\nerror: The sandbox is not in sync with the Podfile.lock. Run 'pod install' or update your CocoaPods installation.\nEOM\n    exit 1\nfi\n";
			showEnvVarsInLog = 0;
		};
		F5C8DC456D2792F823E9AEE2 /* 📦 Copy Pods Resources */ = {
			isa = PBXShellScriptBuildPhase;
			buildActionMask = 2147483647;
			files = (
			);
			inputPaths = (
			);
			name = "📦 Copy Pods Resources";
			outputPaths = (
			);
			runOnlyForDeploymentPostprocessing = 0;
			shellPath = /bin/sh;
			shellScript = "\"${SRCROOT}/Pods/Target Support Files/Pods-YHappy/Pods-YHappy-resources.sh\"\n";
			showEnvVarsInLog = 0;
		};
		F9E869A5229F522EA9235298 /* 📦 Embed Pods Frameworks */ = {
			isa = PBXShellScriptBuildPhase;
			buildActionMask = 2147483647;
			files = (
			);
			inputPaths = (
			);
			name = "📦 Embed Pods Frameworks";
			outputPaths = (
			);
			runOnlyForDeploymentPostprocessing = 0;
			shellPath = /bin/sh;
			shellScript = "\"${SRCROOT}/Pods/Target Support Files/Pods-YHappy/Pods-YHappy-frameworks.sh\"\n";
			showEnvVarsInLog = 0;
		};
/* End PBXShellScriptBuildPhase section */

/* Begin PBXSourcesBuildPhase section */
		B863F22F1D10273D00A5CD6E /* Sources */ = {
			isa = PBXSourcesBuildPhase;
			buildActionMask = 2147483647;
			files = (
				B863F2D51D10318800A5CD6E /* HNavigationController.m in Sources */,
				B821C6AC1D1911930003C90B /* HEssenceWordVC.m in Sources */,
				B8CB677D1D1C1F9A00C20F04 /* HBaseViewModel.m in Sources */,
				B87D991C1D58165200EB0CE8 /* HEssenceVoiceView.m in Sources */,
				B8BF83F21D5704590053E9A5 /* HEssenceUserModel.m in Sources */,
				B84462FB1D5976F40059C496 /* HSeeBigImageVC.m in Sources */,
				B877456C1D168152002EBF1F /* HBaseNetManager.m in Sources */,
				B8DB95741D609B2B001DACF7 /* UIImageView+userIcon.m in Sources */,
				B8DB957D1D609FC8001DACF7 /* HCommentVC.m in Sources */,
				B863F2D01D10318800A5CD6E /* AppDelegate.m in Sources */,
				B87D99181D58165200EB0CE8 /* HEssencePictureView.m in Sources */,
				B88E125D1D62BC7000156651 /* HRequestCommentModel.m in Sources */,
				B87745721D1688AE002EBF1F /* HBaseModel.m in Sources */,
				B863F2D61D10318800A5CD6E /* HTabBarController.m in Sources */,
				B821C6A01D1911390003C90B /* HEssenceVC.m in Sources */,
				B863F2381D10273D00A5CD6E /* main.m in Sources */,
				B8CB678D1D1C303000C20F04 /* HEssenceCell.m in Sources */,
				B8EFF0BF1D62EEDD00B0730D /* HCommentCell.m in Sources */,
				B8BF83F51D57063C0053E9A5 /* HCommentModel.m in Sources */,
				B88E125A1D62B60600156651 /* HCommentVM.m in Sources */,
				B8CB67771D1B953C00C20F04 /* HEssenseViewModel.m in Sources */,
				B8CB677A1D1C1B5A00C20F04 /* HEssenceModel.m in Sources */,
				B821C6A61D1911690003C90B /* HEssenceVoiceVC.m in Sources */,
				B821C6A31D1911530003C90B /* HEssenceVideoVC.m in Sources */,
				B87D991A1D58165200EB0CE8 /* HEssenceVideoView.m in Sources */,
				B821C6A91D1911810003C90B /* HEssencePicVC.m in Sources */,
				B8EFF0B31D62E92900B0730D /* HTableHeaderView.m in Sources */,
			);
			runOnlyForDeploymentPostprocessing = 0;
		};
/* End PBXSourcesBuildPhase section */

/* Begin PBXVariantGroup section */
		B863F2441D10273E00A5CD6E /* LaunchScreen.storyboard */ = {
			isa = PBXVariantGroup;
			children = (
				B863F2451D10273E00A5CD6E /* Base */,
			);
			name = LaunchScreen.storyboard;
			sourceTree = "<group>";
		};
/* End PBXVariantGroup section */

/* Begin XCBuildConfiguration section */
		B863F2481D10273E00A5CD6E /* Debug */ = {
			isa = XCBuildConfiguration;
			buildSettings = {
				ALWAYS_SEARCH_USER_PATHS = NO;
				CLANG_ANALYZER_NONNULL = YES;
				CLANG_CXX_LANGUAGE_STANDARD = "gnu++0x";
				CLANG_CXX_LIBRARY = "libc++";
				CLANG_ENABLE_MODULES = YES;
				CLANG_ENABLE_OBJC_ARC = YES;
				CLANG_WARN_BOOL_CONVERSION = YES;
				CLANG_WARN_CONSTANT_CONVERSION = YES;
				CLANG_WARN_DIRECT_OBJC_ISA_USAGE = YES_ERROR;
				CLANG_WARN_EMPTY_BODY = YES;
				CLANG_WARN_ENUM_CONVERSION = YES;
				CLANG_WARN_INT_CONVERSION = YES;
				CLANG_WARN_OBJC_ROOT_CLASS = YES_ERROR;
				CLANG_WARN_UNREACHABLE_CODE = YES;
				CLANG_WARN__DUPLICATE_METHOD_MATCH = YES;
				"CODE_SIGN_IDENTITY[sdk=iphoneos*]" = "iPhone Developer";
				COPY_PHASE_STRIP = NO;
				DEBUG_INFORMATION_FORMAT = dwarf;
				ENABLE_STRICT_OBJC_MSGSEND = YES;
				ENABLE_TESTABILITY = YES;
				GCC_C_LANGUAGE_STANDARD = gnu99;
				GCC_DYNAMIC_NO_PIC = NO;
				GCC_NO_COMMON_BLOCKS = YES;
				GCC_OPTIMIZATION_LEVEL = 0;
				GCC_PREPROCESSOR_DEFINITIONS = (
					"DEBUG=1",
					"$(inherited)",
				);
				GCC_WARN_64_TO_32_BIT_CONVERSION = YES;
				GCC_WARN_ABOUT_RETURN_TYPE = YES_ERROR;
				GCC_WARN_UNDECLARED_SELECTOR = YES;
				GCC_WARN_UNINITIALIZED_AUTOS = YES_AGGRESSIVE;
				GCC_WARN_UNUSED_FUNCTION = YES;
				GCC_WARN_UNUSED_VARIABLE = YES;
				IPHONEOS_DEPLOYMENT_TARGET = 9.3;
				MTL_ENABLE_DEBUG_INFO = YES;
				ONLY_ACTIVE_ARCH = YES;
				SDKROOT = iphoneos;
				TARGETED_DEVICE_FAMILY = "1,2";
			};
			name = Debug;
		};
		B863F2491D10273E00A5CD6E /* Release */ = {
			isa = XCBuildConfiguration;
			buildSettings = {
				ALWAYS_SEARCH_USER_PATHS = NO;
				CLANG_ANALYZER_NONNULL = YES;
				CLANG_CXX_LANGUAGE_STANDARD = "gnu++0x";
				CLANG_CXX_LIBRARY = "libc++";
				CLANG_ENABLE_MODULES = YES;
				CLANG_ENABLE_OBJC_ARC = YES;
				CLANG_WARN_BOOL_CONVERSION = YES;
				CLANG_WARN_CONSTANT_CONVERSION = YES;
				CLANG_WARN_DIRECT_OBJC_ISA_USAGE = YES_ERROR;
				CLANG_WARN_EMPTY_BODY = YES;
				CLANG_WARN_ENUM_CONVERSION = YES;
				CLANG_WARN_INT_CONVERSION = YES;
				CLANG_WARN_OBJC_ROOT_CLASS = YES_ERROR;
				CLANG_WARN_UNREACHABLE_CODE = YES;
				CLANG_WARN__DUPLICATE_METHOD_MATCH = YES;
				"CODE_SIGN_IDENTITY[sdk=iphoneos*]" = "iPhone Developer";
				COPY_PHASE_STRIP = NO;
				DEBUG_INFORMATION_FORMAT = "dwarf-with-dsym";
				ENABLE_NS_ASSERTIONS = NO;
				ENABLE_STRICT_OBJC_MSGSEND = YES;
				GCC_C_LANGUAGE_STANDARD = gnu99;
				GCC_NO_COMMON_BLOCKS = YES;
				GCC_WARN_64_TO_32_BIT_CONVERSION = YES;
				GCC_WARN_ABOUT_RETURN_TYPE = YES_ERROR;
				GCC_WARN_UNDECLARED_SELECTOR = YES;
				GCC_WARN_UNINITIALIZED_AUTOS = YES_AGGRESSIVE;
				GCC_WARN_UNUSED_FUNCTION = YES;
				GCC_WARN_UNUSED_VARIABLE = YES;
				IPHONEOS_DEPLOYMENT_TARGET = 9.3;
				MTL_ENABLE_DEBUG_INFO = NO;
				SDKROOT = iphoneos;
				TARGETED_DEVICE_FAMILY = "1,2";
				VALIDATE_PRODUCT = YES;
			};
			name = Release;
		};
		B863F24B1D10273E00A5CD6E /* Debug */ = {
			isa = XCBuildConfiguration;
			baseConfigurationReference = BE5C19EA9399AF979735A4D0 /* Pods-YHappy.debug.xcconfig */;
			buildSettings = {
				ASSETCATALOG_COMPILER_APPICON_NAME = AppIcon;
				CODE_SIGN_IDENTITY = "iPhone Developer";
				"CODE_SIGN_IDENTITY[sdk=iphoneos*]" = "iPhone Developer";
				GCC_PREFIX_HEADER = YHappy/Classes/Public/Other/PrefixHeader.pch;
				INFOPLIST_FILE = YHappy/Info.plist;
				IPHONEOS_DEPLOYMENT_TARGET = 9.2;
				LD_RUNPATH_SEARCH_PATHS = "$(inherited) @executable_path/Frameworks";
				PRODUCT_BUNDLE_IDENTIFIER = hare27.com.YHappy;
				PRODUCT_NAME = "$(TARGET_NAME)";
				PROVISIONING_PROFILE = "";
			};
			name = Debug;
		};
		B863F24C1D10273E00A5CD6E /* Release */ = {
			isa = XCBuildConfiguration;
			baseConfigurationReference = DC28A1870B04B9DC407A3031 /* Pods-YHappy.release.xcconfig */;
			buildSettings = {
				ASSETCATALOG_COMPILER_APPICON_NAME = AppIcon;
				CODE_SIGN_IDENTITY = "iPhone Developer";
				"CODE_SIGN_IDENTITY[sdk=iphoneos*]" = "iPhone Developer";
				GCC_PREFIX_HEADER = YHappy/Classes/Public/Other/PrefixHeader.pch;
				INFOPLIST_FILE = YHappy/Info.plist;
				IPHONEOS_DEPLOYMENT_TARGET = 9.2;
				LD_RUNPATH_SEARCH_PATHS = "$(inherited) @executable_path/Frameworks";
				PRODUCT_BUNDLE_IDENTIFIER = hare27.com.YHappy;
				PRODUCT_NAME = "$(TARGET_NAME)";
				PROVISIONING_PROFILE = "";
			};
			name = Release;
		};
/* End XCBuildConfiguration section */

/* Begin XCConfigurationList section */
		B863F22E1D10273D00A5CD6E /* Build configuration list for PBXProject "YHappy" */ = {
			isa = XCConfigurationList;
			buildConfigurations = (
				B863F2481D10273E00A5CD6E /* Debug */,
				B863F2491D10273E00A5CD6E /* Release */,
			);
			defaultConfigurationIsVisible = 0;
			defaultConfigurationName = Release;
		};
		B863F24A1D10273E00A5CD6E /* Build configuration list for PBXNativeTarget "YHappy" */ = {
			isa = XCConfigurationList;
			buildConfigurations = (
				B863F24B1D10273E00A5CD6E /* Debug */,
				B863F24C1D10273E00A5CD6E /* Release */,
			);
			defaultConfigurationIsVisible = 0;
			defaultConfigurationName = Release;
		};
/* End XCConfigurationList section */
	};
	rootObject = B863F22B1D10273D00A5CD6E /* Project object */;
}
